<Solution>
  <Folder Name="/.items/">
    <File Path="LICENSE.md" />
    <File Path="NuGet.Config" />
    <File Path="README.md" />
  </Folder>
  <Folder Name="/img/">
    <File Path="img/icon.png" />
  </Folder>
  <Project Path="DotAwait.ConsoleTest/DotAwait.ConsoleTest.csproj" />
  <Project Path="DotAwait/DotAwait.csproj" />
</Solution>
