<Solution>
  <Folder Name="/.items/">
    <File Path="LICENSE.md" />
    <File Path="NuGet.Config" />
    <File Path="README.md" />
  </Folder>
  <Folder Name="/img/">
    <File Path="img/icon.png" />
  </Folder>
  <Folder Name="/src/">
    <Project Path="src/DotAwait/DotAwait.csproj" />
  </Folder>
  <Folder Name="/tests/">
    <Project Path="tests/DotAwait.ConsoleTest/DotAwait.ConsoleTest.csproj" />
  </Folder>
</Solution>
